// !$*UTF8*$!
{
	archiveVersion = 1;
	classes = {
	};
	objectVersion = 56;
	objects = {

/* Begin PBXBuildFile section */
		C779CC2029B8AA46003E1325 /* giveappApp.swift in Sources */ = {isa = PBXBuildFile; fileRef = C779CC1F29B8AA46003E1325 /* giveappApp.swift */; };
		C779CC2229B8AA46003E1325 /* ContentView.swift in Sources */ = {isa = PBXBuildFile; fileRef = C779CC2129B8AA46003E1325 /* ContentView.swift */; };
		C779CC2429B8AA48003E1325 /* Assets.xcassets in Resources */ = {isa = PBXBuildFile; fileRef = C779CC2329B8AA48003E1325 /* Assets.xcassets */; };
		C779CC2729B8AA48003E1325 /* Preview Assets.xcassets in Resources */ = {isa = PBXBuildFile; fileRef = C779CC2629B8AA48003E1325 /* Preview Assets.xcassets */; };
		C779CC3129B8AA48003E1325 /* giveappTests.swift in Sources */ = {isa = PBXBuildFile; fileRef = C779CC3029B8AA48003E1325 /* giveappTests.swift */; };
		C779CC3B29B8AA48003E1325 /* giveappUITests.swift in Sources */ = {isa = PBXBuildFile; fileRef = C779CC3A29B8AA48003E1325 /* giveappUITests.swift */; };
		C779CC3D29B8AA48003E1325 /* giveappUITestsLaunchTests.swift in Sources */ = {isa = PBXBuildFile; fileRef = C779CC3C29B8AA48003E1325 /* giveappUITestsLaunchTests.swift */; };
/* End PBXBuildFile section */

/* Begin PBXContainerItemProxy section */
		C779CC2D29B8AA48003E1325 /* PBXContainerItemProxy */ = {
			isa = PBXContainerItemProxy;
			containerPortal = C779CC1429B8AA46003E1325 /* Project object */;
			proxyType = 1;
			remoteGlobalIDString = C779CC1B29B8AA46003E1325;
			remoteInfo = giveapp;
		};
		C779CC3729B8AA48003E1325 /* PBXContainerItemProxy */ = {
			isa = PBXContainerItemProxy;
			containerPortal = C779CC1429B8AA46003E1325 /* Project object */;
			proxyType = 1;
			remoteGlobalIDString = C779CC1B29B8AA46003E1325;
			remoteInfo = giveapp;
		};
/* End PBXContainerItemProxy section */

/* Begin PBXFileReference section */
		C779CC1C29B8AA46003E1325 /* giveapp.app */ = {isa = PBXFileReference; explicitFileType = wrapper.application; includeInIndex = 0; path = giveapp.app; sourceTree = BUILT_PRODUCTS_DIR; };
		C779CC1F29B8AA46003E1325 /* giveappApp.swift */ = {isa = PBXFileReference; lastKnownFileType = sourcecode.swift; path = giveappApp.swift; sourceTree = "<group>"; };
		C779CC2129B8AA46003E1325 /* ContentView.swift */ = {isa = PBXFileReference; lastKnownFileType = sourcecode.swift; path = ContentView.swift; sourceTree = "<group>"; };
		C779CC2329B8AA48003E1325 /* Assets.xcassets */ = {isa = PBXFileReference; lastKnownFileType = folder.assetcatalog; path = Assets.xcassets; sourceTree = "<group>"; };
		C779CC2629B8AA48003E1325 /* Preview Assets.xcassets */ = {isa = PBXFileReference; lastKnownFileType = folder.assetcatalog; path = "Preview Assets.xcassets"; sourceTree = "<group>"; };
		C779CC2C29B8AA48003E1325 /* giveappTests.xctest */ = {isa = PBXFileReference; explicitFileType = wrapper.cfbundle; includeInIndex = 0; path = giveappTests.xctest; sourceTree = BUILT_PRODUCTS_DIR; };
		C779CC3029B8AA48003E1325 /* giveappTests.swift */ = {isa = PBXFileReference; lastKnownFileType = sourcecode.swift; path = giveappTests.swift; sourceTree = "<group>"; };
		C779CC3629B8AA48003E1325 /* giveappUITests.xctest */ = {isa = PBXFileReference; explicitFileType = wrapper.cfbundle; includeInIndex = 0; path = giveappUITests.xctest; sourceTree = BUILT_PRODUCTS_DIR; };
		C779CC3A29B8AA48003E1325 /* giveappUITests.swift */ = {isa = PBXFileReference; lastKnownFileType = sourcecode.swift; path = giveappUITests.swift; sourceTree = "<group>"; };
		C779CC3C29B8AA48003E1325 /* giveappUITestsLaunchTests.swift */ = {isa = PBXFileReference; lastKnownFileType = sourcecode.swift; path = giveappUITestsLaunchTests.swift; sourceTree = "<group>"; };
/* End PBXFileReference section */

/* Begin PBXFrameworksBuildPhase section */
		C779CC1929B8AA46003E1325 /* Frameworks */ = {
			isa = PBXFrameworksBuildPhase;
			buildActionMask = 2147483647;
			files = (
			);
			runOnlyForDeploymentPostprocessing = 0;
		};
		C779CC2929B8AA48003E1325 /* Frameworks */ = {
			isa = PBXFrameworksBuildPhase;
			buildActionMask = 2147483647;
			files = (
			);
			runOnlyForDeploymentPostprocessing = 0;
		};
		C779CC3329B8AA48003E1325 /* Frameworks */ = {
			isa = PBXFrameworksBuildPhase;
			buildActionMask = 2147483647;
			files = (
			);
			runOnlyForDeploymentPostprocessing = 0;
		};
/* End PBXFrameworksBuildPhase section */

/* Begin PBXGroup section */
		C779CC1329B8AA46003E1325 = {
			isa = PBXGroup;
			children = (
				C779CC1E29B8AA46003E1325 /* giveapp */,
				C779CC2F29B8AA48003E1325 /* giveappTests */,
				C779CC3929B8AA48003E1325 /* giveappUITests */,
				C779CC1D29B8AA46003E1325 /* Products */,
			);
			sourceTree = "<group>";
		};
		C779CC1D29B8AA46003E1325 /* Products */ = {
			isa = PBXGroup;
			children = (
				C779CC1C29B8AA46003E1325 /* giveapp.app */,
				C779CC2C29B8AA48003E1325 /* giveappTests.xctest */,
				C779CC3629B8AA48003E1325 /* giveappUITests.xctest */,
			);
			name = Products;
			sourceTree = "<group>";
		};
		C779CC1E29B8AA46003E1325 /* giveapp */ = {
			isa = PBXGroup;
			children = (
				C779CC1F29B8AA46003E1325 /* giveappApp.swift */,
				C779CC2129B8AA46003E1325 /* ContentView.swift */,
				C779CC2329B8AA48003E1325 /* Assets.xcassets */,
				C779CC2529B8AA48003E1325 /* Preview Content */,
			);
			path = giveapp;
			sourceTree = "<group>";
		};
		C779CC2529B8AA48003E1325 /* Preview Content */ = {
			isa = PBXGroup;
			children = (
				C779CC2629B8AA48003E1325 /* Preview Assets.xcassets */,
			);
			path = "Preview Content";
			sourceTree = "<group>";
		};
		C779CC2F29B8AA48003E1325 /* giveappTests */ = {
			isa = PBXGroup;
			children = (
				C779CC3029B8AA48003E1325 /* giveappTests.swift */,
			);
			path = giveappTests;
			sourceTree = "<group>";
		};
		C779CC3929B8AA48003E1325 /* giveappUITests */ = {
			isa = PBXGroup;
			children = (
				C779CC3A29B8AA48003E1325 /* giveappUITests.swift */,
				C779CC3C29B8AA48003E1325 /* giveappUITestsLaunchTests.swift */,
			);
			path = giveappUITests;
			sourceTree = "<group>";
		};
/* End PBXGroup section */

/* Begin PBXNativeTarget section */
		C779CC1B29B8AA46003E1325 /* giveapp */ = {
			isa = PBXNativeTarget;
			buildConfigurationList = C779CC4029B8AA48003E1325 /* Build configuration list for PBXNativeTarget "giveapp" */;
			buildPhases = (
				C779CC1829B8AA46003E1325 /* Sources */,
				C779CC1929B8AA46003E1325 /* Frameworks */,
				C779CC1A29B8AA46003E1325 /* Resources */,
			);
			buildRules = (
			);
			dependencies = (
			);
			name = giveapp;
			productName = giveapp;
			productReference = C779CC1C29B8AA46003E1325 /* giveapp.app */;
			productType = "com.apple.product-type.application";
		};
		C779CC2B29B8AA48003E1325 /* giveappTests */ = {
			isa = PBXNativeTarget;
			buildConfigurationList = C779CC4329B8AA48003E1325 /* Build configuration list for PBXNativeTarget "giveappTests" */;
			buildPhases = (
				C779CC2829B8AA48003E1325 /* Sources */,
				C779CC2929B8AA48003E1325 /* Frameworks */,
				C779CC2A29B8AA48003E1325 /* Resources */,
			);
			buildRules = (
			);
			dependencies = (
				C779CC2E29B8AA48003E1325 /* PBXTargetDependency */,
			);
			name = giveappTests;
			productName = giveappTests;
			productReference = C779CC2C29B8AA48003E1325 /* giveappTests.xctest */;
			productType = "com.apple.product-type.bundle.unit-test";
		};
		C779CC3529B8AA48003E1325 /* giveappUITests */ = {
			isa = PBXNativeTarget;
			buildConfigurationList = C779CC4629B8AA48003E1325 /* Build configuration list for PBXNativeTarget "giveappUITests" */;
			buildPhases = (
				C779CC3229B8AA48003E1325 /* Sources */,
				C779CC3329B8AA48003E1325 /* Frameworks */,
				C779CC3429B8AA48003E1325 /* Resources */,
			);
			buildRules = (
			);
			dependencies = (
				C779CC3829B8AA48003E1325 /* PBXTargetDependency */,
			);
			name = giveappUITests;
			productName = giveappUITests;
			productReference = C779CC3629B8AA48003E1325 /* giveappUITests.xctest */;
			productType = "com.apple.product-type.bundle.ui-testing";
		};
/* End PBXNativeTarget section */

/* Begin PBXProject section */
		C779CC1429B8AA46003E1325 /* Project object */ = {
			isa = PBXProject;
			attributes = {
				BuildIndependentTargetsInParallel = 1;
				LastSwiftUpdateCheck = 1420;
				LastUpgradeCheck = 1420;
				TargetAttributes = {
					C779CC1B29B8AA46003E1325 = {
						CreatedOnToolsVersion = 14.2;
					};
					C779CC2B29B8AA48003E1325 = {
						CreatedOnToolsVersion = 14.2;
						TestTargetID = C779CC1B29B8AA46003E1325;
					};
					C779CC3529B8AA48003E1325 = {
						CreatedOnToolsVersion = 14.2;
						TestTargetID = C779CC1B29B8AA46003E1325;
					};
				};
			};
			buildConfigurationList = C779CC1729B8AA46003E1325 /* Build configuration list for PBXProject "giveapp" */;
			compatibilityVersion = "Xcode 14.0";
			developmentRegion = en;
			hasScannedForEncodings = 0;
			knownRegions = (
				en,
				Base,
			);
			mainGroup = C779CC1329B8AA46003E1325;
			productRefGroup = C779CC1D29B8AA46003E1325 /* Products */;
			projectDirPath = "";
			projectRoot = "";
			targets = (
				C779CC1B29B8AA46003E1325 /* giveapp */,
				C779CC2B29B8AA48003E1325 /* giveappTests */,
				C779CC3529B8AA48003E1325 /* giveappUITests */,
			);
		};
/* End PBXProject section */

/* Begin PBXResourcesBuildPhase section */
		C779CC1A29B8AA46003E1325 /* Resources */ = {
			isa = PBXResourcesBuildPhase;
			buildActionMask = 2147483647;
			files = (
				C779CC2729B8AA48003E1325 /* Preview Assets.xcassets in Resources */,
				C779CC2429B8AA48003E1325 /* Assets.xcassets in Resources */,
			);
			runOnlyForDeploymentPostprocessing = 0;
		};
		C779CC2A29B8AA48003E1325 /* Resources */ = {
			isa = PBXResourcesBuildPhase;
			buildActionMask = 2147483647;
			files = (
			);
			runOnlyForDeploymentPostprocessing = 0;
		};
		C779CC3429B8AA48003E1325 /* Resources */ = {
			isa = PBXResourcesBuildPhase;
			buildActionMask = 2147483647;
			files = (
			);
			runOnlyForDeploymentPostprocessing = 0;
		};
/* End PBXResourcesBuildPhase section */

/* Begin PBXSourcesBuildPhase section */
		C779CC1829B8AA46003E1325 /* Sources */ = {
			isa = PBXSourcesBuildPhase;
			buildActionMask = 2147483647;
			files = (
				C779CC2229B8AA46003E1325 /* ContentView.swift in Sources */,
				C779CC2029B8AA46003E1325 /* giveappApp.swift in Sources */,
			);
			runOnlyForDeploymentPostprocessing = 0;
		};
		C779CC2829B8AA48003E1325 /* Sources */ = {
			isa = PBXSourcesBuildPhase;
			buildActionMask = 2147483647;
			files = (
				C779CC3129B8AA48003E1325 /* giveappTests.swift in Sources */,
			);
			runOnlyForDeploymentPostprocessing = 0;
		};
		C779CC3229B8AA48003E1325 /* Sources */ = {
			isa = PBXSourcesBuildPhase;
			buildActionMask = 2147483647;
			files = (
				C779CC3B29B8AA48003E1325 /* giveappUITests.swift in Sources */,
				C779CC3D29B8AA48003E1325 /* giveappUITestsLaunchTests.swift in Sources */,
			);
			runOnlyForDeploymentPostprocessing = 0;
		};
/* End PBXSourcesBuildPhase section */

/* Begin PBXTargetDependency section */
		C779CC2E29B8AA48003E1325 /* PBXTargetDependency */ = {
			isa = PBXTargetDependency;
			target = C779CC1B29B8AA46003E1325 /* giveapp */;
			targetProxy = C779CC2D29B8AA48003E1325 /* PBXContainerItemProxy */;
		};
		C779CC3829B8AA48003E1325 /* PBXTargetDependency */ = {
			isa = PBXTargetDependency;
			target = C779CC1B29B8AA46003E1325 /* giveapp */;
			targetProxy = C779CC3729B8AA48003E1325 /* PBXContainerItemProxy */;
		};
/* End PBXTargetDependency section */

/* Begin XCBuildConfiguration section */
		C779CC3E29B8AA48003E1325 /* Debug */ = {
			isa = XCBuildConfiguration;
			buildSettings = {
				ALWAYS_SEARCH_USER_PATHS = NO;
				CLANG_ANALYZER_NONNULL = YES;
				CLANG_ANALYZER_NUMBER_OBJECT_CONVERSION = YES_AGGRESSIVE;
				CLANG_CXX_LANGUAGE_STANDARD = "gnu++20";
				CLANG_ENABLE_MODULES = YES;
				CLANG_ENABLE_OBJC_ARC = YES;
				CLANG_ENABLE_OBJC_WEAK = YES;
				CLANG_WARN_BLOCK_CAPTURE_AUTORELEASING = YES;
				CLANG_WARN_BOOL_CONVERSION = YES;
				CLANG_WARN_COMMA = YES;
				CLANG_WARN_CONSTANT_CONVERSION = YES;
				CLANG_WARN_DEPRECATED_OBJC_IMPLEMENTATIONS = YES;
				CLANG_WARN_DIRECT_OBJC_ISA_USAGE = YES_ERROR;
				CLANG_WARN_DOCUMENTATION_COMMENTS = YES;
				CLANG_WARN_EMPTY_BODY = YES;
				CLANG_WARN_ENUM_CONVERSION = YES;
				CLANG_WARN_INFINITE_RECURSION = YES;
				CLANG_WARN_INT_CONVERSION = YES;
				CLANG_WARN_NON_LITERAL_NULL_CONVERSION = YES;
				CLANG_WARN_OBJC_IMPLICIT_RETAIN_SELF = YES;
				CLANG_WARN_OBJC_LITERAL_CONVERSION = YES;
				CLANG_WARN_OBJC_ROOT_CLASS = YES_ERROR;
				CLANG_WARN_QUOTED_INCLUDE_IN_FRAMEWORK_HEADER = YES;
				CLANG_WARN_RANGE_LOOP_ANALYSIS = YES;
				CLANG_WARN_STRICT_PROTOTYPES = YES;
				CLANG_WARN_SUSPICIOUS_MOVE = YES;
				CLANG_WARN_UNGUARDED_AVAILABILITY = YES_AGGRESSIVE;
				CLANG_WARN_UNREACHABLE_CODE = YES;
				CLANG_WARN__DUPLICATE_METHOD_MATCH = YES;
				COPY_PHASE_STRIP = NO;
				DEBUG_INFORMATION_FORMAT = dwarf;
				ENABLE_STRICT_OBJC_MSGSEND = YES;
				ENABLE_TESTABILITY = YES;
				GCC_C_LANGUAGE_STANDARD = gnu11;
				GCC_DYNAMIC_NO_PIC = NO;
				GCC_NO_COMMON_BLOCKS = YES;
				GCC_OPTIMIZATION_LEVEL = 0;
				GCC_PREPROCESSOR_DEFINITIONS = (
					"DEBUG=1",
					"$(inherited)",
				);
				GCC_WARN_64_TO_32_BIT_CONVERSION = YES;
				GCC_WARN_ABOUT_RETURN_TYPE = YES_ERROR;
				GCC_WARN_UNDECLARED_SELECTOR = YES;
				GCC_WARN_UNINITIALIZED_AUTOS = YES_AGGRESSIVE;
				GCC_WARN_UNUSED_FUNCTION = YES;
				GCC_WARN_UNUSED_VARIABLE = YES;
				IPHONEOS_DEPLOYMENT_TARGET = 16.2;
				MTL_ENABLE_DEBUG_INFO = INCLUDE_SOURCE;
				MTL_FAST_MATH = YES;
				ONLY_ACTIVE_ARCH = YES;
				SDKROOT = iphoneos;
				SWIFT_ACTIVE_COMPILATION_CONDITIONS = DEBUG;
				SWIFT_OPTIMIZATION_LEVEL = "-Onone";
			};
			name = Debug;
		};
		C779CC3F29B8AA48003E1325 /* Release */ = {
			isa = XCBuildConfiguration;
			buildSettings = {
				ALWAYS_SEARCH_USER_PATHS = NO;
				CLANG_ANALYZER_NONNULL = YES;
				CLANG_ANALYZER_NUMBER_OBJECT_CONVERSION = YES_AGGRESSIVE;
				CLANG_CXX_LANGUAGE_STANDARD = "gnu++20";
				CLANG_ENABLE_MODULES = YES;
				CLANG_ENABLE_OBJC_ARC = YES;
				CLANG_ENABLE_OBJC_WEAK = YES;
				CLANG_WARN_BLOCK_CAPTURE_AUTORELEASING = YES;
				CLANG_WARN_BOOL_CONVERSION = YES;
				CLANG_WARN_COMMA = YES;
				CLANG_WARN_CONSTANT_CONVERSION = YES;
				CLANG_WARN_DEPRECATED_OBJC_IMPLEMENTATIONS = YES;
				CLANG_WARN_DIRECT_OBJC_ISA_USAGE = YES_ERROR;
				CLANG_WARN_DOCUMENTATION_COMMENTS = YES;
				CLANG_WARN_EMPTY_BODY = YES;
				CLANG_WARN_ENUM_CONVERSION = YES;
				CLANG_WARN_INFINITE_RECURSION = YES;
				CLANG_WARN_INT_CONVERSION = YES;
				CLANG_WARN_NON_LITERAL_NULL_CONVERSION = YES;
				CLANG_WARN_OBJC_IMPLICIT_RETAIN_SELF = YES;
				CLANG_WARN_OBJC_LITERAL_CONVERSION = YES;
				CLANG_WARN_OBJC_ROOT_CLASS = YES_ERROR;
				CLANG_WARN_QUOTED_INCLUDE_IN_FRAMEWORK_HEADER = YES;
				CLANG_WARN_RANGE_LOOP_ANALYSIS = YES;
				CLANG_WARN_STRICT_PROTOTYPES = YES;
				CLANG_WARN_SUSPICIOUS_MOVE = YES;
				CLANG_WARN_UNGUARDED_AVAILABILITY = YES_AGGRESSIVE;
				CLANG_WARN_UNREACHABLE_CODE = YES;
				CLANG_WARN__DUPLICATE_METHOD_MATCH = YES;
				COPY_PHASE_STRIP = NO;
				DEBUG_INFORMATION_FORMAT = "dwarf-with-dsym";
				ENABLE_NS_ASSERTIONS = NO;
				ENABLE_STRICT_OBJC_MSGSEND = YES;
				GCC_C_LANGUAGE_STANDARD = gnu11;
				GCC_NO_COMMON_BLOCKS = YES;
				GCC_WARN_64_TO_32_BIT_CONVERSION = YES;
				GCC_WARN_ABOUT_RETURN_TYPE = YES_ERROR;
				GCC_WARN_UNDECLARED_SELECTOR = YES;
				GCC_WARN_UNINITIALIZED_AUTOS = YES_AGGRESSIVE;
				GCC_WARN_UNUSED_FUNCTION = YES;
				GCC_WARN_UNUSED_VARIABLE = YES;
				IPHONEOS_DEPLOYMENT_TARGET = 16.2;
				MTL_ENABLE_DEBUG_INFO = NO;
				MTL_FAST_MATH = YES;
				SDKROOT = iphoneos;
				SWIFT_COMPILATION_MODE = wholemodule;
				SWIFT_OPTIMIZATION_LEVEL = "-O";
				VALIDATE_PRODUCT = YES;
			};
			name = Release;
		};
		C779CC4129B8AA48003E1325 /* Debug */ = {
			isa = XCBuildConfiguration;
			buildSettings = {
				ASSETCATALOG_COMPILER_APPICON_NAME = AppIcon;
				ASSETCATALOG_COMPILER_GLOBAL_ACCENT_COLOR_NAME = AccentColor;
				CODE_SIGN_STYLE = Automatic;
				CURRENT_PROJECT_VERSION = 1;
				DEVELOPMENT_ASSET_PATHS = "\"giveapp/Preview Content\"";
				DEVELOPMENT_TEAM = SXKG49P2Q5;
				ENABLE_PREVIEWS = YES;
				GENERATE_INFOPLIST_FILE = YES;
				INFOPLIST_KEY_UIApplicationSceneManifest_Generation = YES;
				INFOPLIST_KEY_UIApplicationSupportsIndirectInputEvents = YES;
				INFOPLIST_KEY_UILaunchScreen_Generation = YES;
				INFOPLIST_KEY_UISupportedInterfaceOrientations_iPad = "UIInterfaceOrientationPortrait UIInterfaceOrientationPortraitUpsideDown UIInterfaceOrientationLandscapeLeft UIInterfaceOrientationLandscapeRight";
				INFOPLIST_KEY_UISupportedInterfaceOrientations_iPhone = "UIInterfaceOrientationPortrait UIInterfaceOrientationLandscapeLeft UIInterfaceOrientationLandscapeRight";
				LD_RUNPATH_SEARCH_PATHS = (
					"$(inherited)",
					"@executable_path/Frameworks",
				);
				MARKETING_VERSION = 1.0;
				PRODUCT_BUNDLE_IDENTIFIER = ejupileo.giveapp;
				PRODUCT_NAME = "$(TARGET_NAME)";
				SWIFT_EMIT_LOC_STRINGS = YES;
				SWIFT_VERSION = 5.0;
				TARGETED_DEVICE_FAMILY = "1,2";
			};
			name = Debug;
		};
		C779CC4229B8AA48003E1325 /* Release */ = {
			isa = XCBuildConfiguration;
			buildSettings = {
				ASSETCATALOG_COMPILER_APPICON_NAME = AppIcon;
				ASSETCATALOG_COMPILER_GLOBAL_ACCENT_COLOR_NAME = AccentColor;
				CODE_SIGN_STYLE = Automatic;
				CURRENT_PROJECT_VERSION = 1;
				DEVELOPMENT_ASSET_PATHS = "\"giveapp/Preview Content\"";
				DEVELOPMENT_TEAM = SXKG49P2Q5;
				ENABLE_PREVIEWS = YES;
				GENERATE_INFOPLIST_FILE = YES;
				INFOPLIST_KEY_UIApplicationSceneManifest_Generation = YES;
				INFOPLIST_KEY_UIApplicationSupportsIndirectInputEvents = YES;
				INFOPLIST_KEY_UILaunchScreen_Generation = YES;
				INFOPLIST_KEY_UISupportedInterfaceOrientations_iPad = "UIInterfaceOrientationPortrait UIInterfaceOrientationPortraitUpsideDown UIInterfaceOrientationLandscapeLeft UIInterfaceOrientationLandscapeRight";
				INFOPLIST_KEY_UISupportedInterfaceOrientations_iPhone = "UIInterfaceOrientationPortrait UIInterfaceOrientationLandscapeLeft UIInterfaceOrientationLandscapeRight";
				LD_RUNPATH_SEARCH_PATHS = (
					"$(inherited)",
					"@executable_path/Frameworks",
				);
				MARKETING_VERSION = 1.0;
				PRODUCT_BUNDLE_IDENTIFIER = ejupileo.giveapp;
				PRODUCT_NAME = "$(TARGET_NAME)";
				SWIFT_EMIT_LOC_STRINGS = YES;
				SWIFT_VERSION = 5.0;
				TARGETED_DEVICE_FAMILY = "1,2";
			};
			name = Release;
		};
		C779CC4429B8AA48003E1325 /* Debug */ = {
			isa = XCBuildConfiguration;
			buildSettings = {
				ALWAYS_EMBED_SWIFT_STANDARD_LIBRARIES = YES;
				BUNDLE_LOADER = "$(TEST_HOST)";
				CODE_SIGN_STYLE = Automatic;
				CURRENT_PROJECT_VERSION = 1;
				DEVELOPMENT_TEAM = SXKG49P2Q5;
				GENERATE_INFOPLIST_FILE = YES;
				IPHONEOS_DEPLOYMENT_TARGET = 16.2;
				MARKETING_VERSION = 1.0;
				PRODUCT_BUNDLE_IDENTIFIER = ejupileo.giveappTests;
				PRODUCT_NAME = "$(TARGET_NAME)";
				SWIFT_EMIT_LOC_STRINGS = NO;
				SWIFT_VERSION = 5.0;
				TARGETED_DEVICE_FAMILY = "1,2";
				TEST_HOST = "$(BUILT_PRODUCTS_DIR)/giveapp.app/$(BUNDLE_EXECUTABLE_FOLDER_PATH)/giveapp";
			};
			name = Debug;
		};
		C779CC4529B8AA48003E1325 /* Release */ = {
			isa = XCBuildConfiguration;
			buildSettings = {
				ALWAYS_EMBED_SWIFT_STANDARD_LIBRARIES = YES;
				BUNDLE_LOADER = "$(TEST_HOST)";
				CODE_SIGN_STYLE = Automatic;
				CURRENT_PROJECT_VERSION = 1;
				DEVELOPMENT_TEAM = SXKG49P2Q5;
				GENERATE_INFOPLIST_FILE = YES;
				IPHONEOS_DEPLOYMENT_TARGET = 16.2;
				MARKETING_VERSION = 1.0;
				PRODUCT_BUNDLE_IDENTIFIER = ejupileo.giveappTests;
				PRODUCT_NAME = "$(TARGET_NAME)";
				SWIFT_EMIT_LOC_STRINGS = NO;
				SWIFT_VERSION = 5.0;
				TARGETED_DEVICE_FAMILY = "1,2";
				TEST_HOST = "$(BUILT_PRODUCTS_DIR)/giveapp.app/$(BUNDLE_EXECUTABLE_FOLDER_PATH)/giveapp";
			};
			name = Release;
		};
		C779CC4729B8AA48003E1325 /* Debug */ = {
			isa = XCBuildConfiguration;
			buildSettings = {
				ALWAYS_EMBED_SWIFT_STANDARD_LIBRARIES = YES;
				CODE_SIGN_STYLE = Automatic;
				CURRENT_PROJECT_VERSION = 1;
				DEVELOPMENT_TEAM = SXKG49P2Q5;
				GENERATE_INFOPLIST_FILE = YES;
				MARKETING_VERSION = 1.0;
				PRODUCT_BUNDLE_IDENTIFIER = ejupileo.giveappUITests;
				PRODUCT_NAME = "$(TARGET_NAME)";
				SWIFT_EMIT_LOC_STRINGS = NO;
				SWIFT_VERSION = 5.0;
				TARGETED_DEVICE_FAMILY = "1,2";
				TEST_TARGET_NAME = giveapp;
			};
			name = Debug;
		};
		C779CC4829B8AA48003E1325 /* Release */ = {
			isa = XCBuildConfiguration;
			buildSettings = {
				ALWAYS_EMBED_SWIFT_STANDARD_LIBRARIES = YES;
				CODE_SIGN_STYLE = Automatic;
				CURRENT_PROJECT_VERSION = 1;
				DEVELOPMENT_TEAM = SXKG49P2Q5;
				GENERATE_INFOPLIST_FILE = YES;
				MARKETING_VERSION = 1.0;
				PRODUCT_BUNDLE_IDENTIFIER = ejupileo.giveappUITests;
				PRODUCT_NAME = "$(TARGET_NAME)";
				SWIFT_EMIT_LOC_STRINGS = NO;
				SWIFT_VERSION = 5.0;
				TARGETED_DEVICE_FAMILY = "1,2";
				TEST_TARGET_NAME = giveapp;
			};
			name = Release;
		};
/* End XCBuildConfiguration section */

/* Begin XCConfigurationList section */
		C779CC1729B8AA46003E1325 /* Build configuration list for PBXProject "giveapp" */ = {
			isa = XCConfigurationList;
			buildConfigurations = (
				C779CC3E29B8AA48003E1325 /* Debug */,
				C779CC3F29B8AA48003E1325 /* Release */,
			);
			defaultConfigurationIsVisible = 0;
			defaultConfigurationName = Release;
		};
		C779CC4029B8AA48003E1325 /* Build configuration list for PBXNativeTarget "giveapp" */ = {
			isa = XCConfigurationList;
			buildConfigurations = (
				C779CC4129B8AA48003E1325 /* Debug */,
				C779CC4229B8AA48003E1325 /* Release */,
			);
			defaultConfigurationIsVisible = 0;
			defaultConfigurationName = Release;
		};
		C779CC4329B8AA48003E1325 /* Build configuration list for PBXNativeTarget "giveappTests" */ = {
			isa = XCConfigurationList;
			buildConfigurations = (
				C779CC4429B8AA48003E1325 /* Debug */,
				C779CC4529B8AA48003E1325 /* Release */,
			);
			defaultConfigurationIsVisible = 0;
			defaultConfigurationName = Release;
		};
		C779CC4629B8AA48003E1325 /* Build configuration list for PBXNativeTarget "giveappUITests" */ = {
			isa = XCConfigurationList;
			buildConfigurations = (
				C779CC4729B8AA48003E1325 /* Debug */,
				C779CC4829B8AA48003E1325 /* Release */,
			);
			defaultConfigurationIsVisible = 0;
			defaultConfigurationName = Release;
		};
/* End XCConfigurationList section */
	};
	rootObject = C779CC1429B8AA46003E1325 /* Project object */;
}
